
Microsoft Visual Studio Solution File, Format Version 11.00
# Visual Studio 2010
Project("{8BC9CEB8-8B4A-11D0-8D11-00A0C91BC942}") = "MscApplicationSample", "MscApplicationSample.vcxproj", "{F3CF7C4B-D245-4C57-B485-3EBB3C1F3320}"
EndProject
Global
	GlobalSection(SolutionConfigurationPlatforms) = preSolution
		Debug|Win32 = Debug|Win32
		Release|Win32 = Release|Win32
	EndGlobalSection
	GlobalSection(ProjectConfigurationPlatforms) = postSolution
		{F3CF7C4B-D245-4C57-B485-3EBB3C1F3320}.Debug|Win32.ActiveCfg = Debug|Win32
		{F3CF7C4B-D245-4C57-B485-3EBB3C1F3320}.Debug|Win32.Build.0 = Debug|Win32
		{F3CF7C4B-D245-4C57-B485-3EBB3C1F3320}.Release|Win32.ActiveCfg = Release|Win32
		{F3CF7C4B-D245-4C57-B485-3EBB3C1F3320}.Release|Win32.Build.0 = Release|Win32
	EndGlobalSection
	GlobalSection(SolutionProperties) = preSolution
		HideSolutionNode = FALSE
	EndGlobalSection
EndGlobal
